{
  "version": 2,
  "dependencies": {
    "net10.0-windows7.0": {
      "HelixToolkit.Wpf.SharpDX": {
        "type": "Direct",
        "requested": "[3.1.2, )",
        "resolved": "3.1.2",
        "contentHash": "kvUjV8heE1TZx8aMIrdhUYPxgUMkaIWlFkAPPOWeWyA/0drI9Q0r+hOiKkOSOy8Z4zUnxMFxwQ59eklyMWBNIw==",
        "dependencies": {
          "CommunityToolkit.Common": "8.3.2",
          "CommunityToolkit.Diagnostics": "8.3.2",
          "CommunityToolkit.Mvvm": "8.3.2",
          "HelixToolkit.Maths": "3.1.2",
          "HelixToolkit.SharpDX": "3.1.2",
          "SharpDX.D3DCompiler": "4.2.0",
          "SharpDX.DXGI": "4.2.0",
          "SharpDX.Direct2D1": "4.2.0",
          "SharpDX.Direct3D11": "4.2.0",
          "SharpDX.Direct3D9": "4.2.0"
        }
      },
      "CommunityToolkit.Common": {
        "type": "Transitive",
        "resolved": "8.3.2",
        "contentHash": "DFk1MUDzCUZHWFGl33HQkD1XtHHKmgfnjJ6sD2JICDc6et4DaCxf6GBPCzAZ7jcgyy/BdUDk0DUztu1K+61Q6w=="
      },
      "CommunityToolkit.Diagnostics": {
        "type": "Transitive",
        "resolved": "8.3.2",
        "contentHash": "YyMsBE9lT0pJg2bEDzlfEWdlk6xHExW6jr1dxC7+YUqqVmOGL5nZROpxbXQRTe5TrfIs7BvkVsGULv/hq6tGIA=="
      },
      "Cyotek.Drawing.BitmapFont": {
        "type": "Transitive",
        "resolved": "2.0.4",
        "contentHash": "iA6WehGVdMUuNbfsQQDq/Bt+mMd/OqHjiMUtKFLIQd/0pyYh4ehT7FEjTxN9/4OXNKQZsp9bAJgltP2nnswUJg=="
      },
      "HelixToolkit": {
        "type": "Transitive",
        "resolved": "3.1.2",
        "contentHash": "SicJqlyFmG7ub5o7cxUbYK3wb0EJCe7v+MIuQS4f9nKyc3EZ0VK92ptCHzVI1AJOPGWIod7pfZoA3F99Nu1M/g==",
        "dependencies": {
          "CommunityToolkit.Common": "8.3.2",
          "CommunityToolkit.Diagnostics": "8.3.2",
          "CommunityToolkit.Mvvm": "8.3.2",
          "Microsoft.Extensions.Logging.Abstractions": "8.0.2"
        }
      },
      "HelixToolkit.Geometry": {
        "type": "Transitive",
        "resolved": "3.1.2",
        "contentHash": "NHDQfiMuwlGqLEEzXj4Z4qi9s81x2wc0J7c9dfDWwjqTBKzBFKYeBNV+KSQ+i6L+fytWBBp6dL9G1Pg8B+yzBQ==",
        "dependencies": {
          "CommunityToolkit.Common": "8.3.2",
          "CommunityToolkit.Diagnostics": "8.3.2",
          "CommunityToolkit.Mvvm": "8.3.2",
          "HelixToolkit": "3.1.2",
          "HelixToolkit.Maths": "3.1.2",
          "Microsoft.Extensions.Logging.Abstractions": "8.0.2"
        }
      },
      "HelixToolkit.Maths": {
        "type": "Transitive",
        "resolved": "3.1.2",
        "contentHash": "sKVK+nSjR3dTFEQ1T3P0xDxbdDI/oJCQAe0v7NCqSDAd3mddUwGSyE6+3T9oFBCQY6AYPCCTQpkzVqVVxnnN9Q==",
        "dependencies": {
          "HelixToolkit": "3.1.2"
        }
      },
      "HelixToolkit.SharpDX": {
        "type": "Transitive",
        "resolved": "3.1.2",
        "contentHash": "9EJ6KrUt/v8U05D5EpQObNHM5cLTqlMDpS4dNJgjzRKrTlU3X8XmuMwHt2bleQCuBYsjIDosWmQhTHcSD1sMmA==",
        "dependencies": {
          "CommunityToolkit.Common": "8.3.2",
          "CommunityToolkit.Diagnostics": "8.3.2",
          "CommunityToolkit.Mvvm": "8.3.2",
          "Cyotek.Drawing.BitmapFont": "2.0.4",
          "HelixToolkit": "3.1.2",
          "HelixToolkit.Geometry": "3.1.2",
          "HelixToolkit.Maths": "3.1.2",
          "Microsoft.CodeAnalysis.CSharp": "4.11.0",
          "SharpDX.D3DCompiler": "4.2.0",
          "SharpDX.DXGI": "4.2.0",
          "SharpDX.Direct2D1": "4.2.0",
          "SharpDX.Direct3D11": "4.2.0"
        }
      },
      "Microsoft.CodeAnalysis.Analyzers": {
        "type": "Transitive",
        "resolved": "3.3.4",
        "contentHash": "AxkxcPR+rheX0SmvpLVIGLhOUXAKG56a64kV9VQZ4y9gR9ZmPXnqZvHJnmwLSwzrEP6junUF11vuc+aqo5r68g=="
      },
      "Microsoft.CodeAnalysis.Common": {
        "type": "Transitive",
        "resolved": "4.11.0",
        "contentHash": "djf8ujmqYImFgB04UGtcsEhHrzVqzHowS+EEl/Yunc5LdrYrZhGBWUTXoCF0NzYXJxtfuD+UVQarWpvrNc94Qg==",
        "dependencies": {
          "Microsoft.CodeAnalysis.Analyzers": "3.3.4"
        }
      },
      "Microsoft.CodeAnalysis.CSharp": {
        "type": "Transitive",
        "resolved": "4.11.0",
        "contentHash": "6XYi2EusI8JT4y2l/F3VVVS+ISoIX9nqHsZRaG6W5aFeJ5BEuBosHfT/ABb73FN0RZ1Z3cj2j7cL28SToJPXOw==",
        "dependencies": {
          "Microsoft.CodeAnalysis.Analyzers": "3.3.4",
          "Microsoft.CodeAnalysis.Common": "[4.11.0]"
        }
      },
      "Microsoft.Extensions.DependencyInjection.Abstractions": {
        "type": "Transitive",
        "resolved": "8.0.2",
        "contentHash": "3iE7UF7MQkCv1cxzCahz+Y/guQbTqieyxyaWKhrRO91itI9cOKO76OHeQDahqG4MmW5umr3CcCvGmK92lWNlbg=="
      },
      "Microsoft.Extensions.Logging.Abstractions": {
        "type": "Transitive",
        "resolved": "8.0.2",
        "contentHash": "nroMDjS7hNBPtkZqVBbSiQaQjWRDxITI8Y7XnDs97rqG3EbzVTNLZQf7bIeUJcaHOV8bca47s1Uxq94+2oGdxA==",
        "dependencies": {
          "Microsoft.Extensions.DependencyInjection.Abstractions": "8.0.2"
        }
      },
      "Microsoft.NETCore.Platforms": {
        "type": "Transitive",
        "resolved": "1.1.0",
        "contentHash": "kz0PEW2lhqygehI/d6XsPCQzD7ff7gUJaVGPVETX611eadGsA3A877GdSlU0LRVMCTH/+P3o2iDTak+S08V2+A=="
      },
      "NETStandard.Library": {
        "type": "Transitive",
        "resolved": "1.6.1",
        "contentHash": "WcSp3+vP+yHNgS8EV5J7pZ9IRpeDuARBPN28by8zqff1wJQXm26PVU8L3/fYLBJVU7BtDyqNVWq2KlCVvSSR4A==",
        "dependencies": {
          "Microsoft.NETCore.Platforms": "1.1.0"
        }
      },
      "SharpDX": {
        "type": "Transitive",
        "resolved": "4.2.0",
        "contentHash": "3pv0LFMvfK/dv1qISJnn8xBeeT6R/FRvr0EV4KI2DGsL84Qlv6P7isWqxGyU0LCwlSVCJN3jgHJ4Bl0KI2PJww==",
        "dependencies": {
          "NETStandard.Library": "1.6.1"
        }
      },
      "SharpDX.D3DCompiler": {
        "type": "Transitive",
        "resolved": "4.2.0",
        "contentHash": "Rnsd6Ilp127xbXqhTit8WKFQUrXwWxqVGpglyWDNkIBCk0tWXNQEjrJpsl0KAObzyZaa33+EXAikLVt5fnd3GA==",
        "dependencies": {
          "NETStandard.Library": "1.6.1",
          "SharpDX": "4.2.0"
        }
      },
      "SharpDX.Direct2D1": {
        "type": "Transitive",
        "resolved": "4.2.0",
        "contentHash": "Qs8LzDMaQf1u3KB8ArHu9pDv6itZ++QXs99a/bVAG+nKr0Hx5NG4mcN5vsfE0mVR2TkeHfeUm4PksRah6VUPtA==",
        "dependencies": {
          "NETStandard.Library": "1.6.1",
          "SharpDX": "4.2.0",
          "SharpDX.DXGI": "4.2.0"
        }
      },
      "SharpDX.Direct3D11": {
        "type": "Transitive",
        "resolved": "4.2.0",
        "contentHash": "oTm/iT5X/IIuJ8kNYP+DTC/MhBhqtRF5dbgPPFgLBdQv0BKzNTzXQQXd7SveBFjQg6hXEAJ2jGCAzNYvGFc9LA==",
        "dependencies": {
          "NETStandard.Library": "1.6.1",
          "SharpDX": "4.2.0",
          "SharpDX.DXGI": "4.2.0"
        }
      },
      "SharpDX.Direct3D9": {
        "type": "Transitive",
        "resolved": "4.2.0",
        "contentHash": "1KgqXvPj/j5hLYxfcOQoJdHskamu7EWg60n9LBAYhun7dR+sKS0ZDNb7NuKwFP1bM0HZqvokjXQIf3oA2NpdqA==",
        "dependencies": {
          "NETStandard.Library": "1.6.1",
          "SharpDX": "4.2.0"
        }
      },
      "SharpDX.DXGI": {
        "type": "Transitive",
        "resolved": "4.2.0",
        "contentHash": "UjKqkgWc8U+SP+j3LBzFP6OB6Ntapjih7Xo+g1rLcsGbIb5KwewBrBChaUu7sil8rWoeVU/k0EJd3SMN4VqNZw==",
        "dependencies": {
          "NETStandard.Library": "1.6.1",
          "SharpDX": "4.2.0"
        }
      },
      "Recoil.Zbd.Core": {
        "type": "Project"
      },
      "CommunityToolkit.Mvvm": {
        "type": "CentralTransitive",
        "requested": "[8.4.2, )",
        "resolved": "8.3.2",
        "contentHash": "m8EolE1A0Updj68WTsZSGI6VWb6mUqHPh7QFo0kt7+JPhYMNXRS1ch8TS/oITAdcxTLrwMOp3ku1KjeG1/Zdpg=="
      }
    },
    "net10.0-windows7.0/win-x64": {}
  }
}